
Microsoft Visual Studio Solution File, Format Version 12.00
# Visual Studio Version 16
VisualStudioVersion = 16.0.30907.101
MinimumVisualStudioVersion = 10.0.40219.1
Project("{9A19103F-16F7-4668-BE54-9A1E7A4F7556}") = "CalculatorLib", "CalculatorLib.csproj", "{7AB8121C-779D-4A70-92AF-ACCA6DC2B27F}"
EndProject
Project("{9A19103F-16F7-4668-BE54-9A1E7A4F7556}") = "CalculatorLibTest", "..\CalculatorLibTest\CalculatorLibTest.csproj", "{80BD8D06-85A5-4B82-BBF1-72E77339146B}"
EndProject
Project("{FAE04EC0-301F-11D3-BF4B-00C04F79EFBC}") = "MidtermProgram", "..\MidtermProgram\MidtermProgram.csproj", "{8A33365E-CE57-4962-804E-184F24EB9C11}"
EndProject
Global
	GlobalSection(SolutionConfigurationPlatforms) = preSolution
		Debug|Any CPU = Debug|Any CPU
		Release|Any CPU = Release|Any CPU
	EndGlobalSection
	GlobalSection(ProjectConfigurationPlatforms) = postSolution
		{7AB8121C-779D-4A70-92AF-ACCA6DC2B27F}.Debug|Any CPU.ActiveCfg = Debug|Any CPU
		{7AB8121C-779D-4A70-92AF-ACCA6DC2B27F}.Debug|Any CPU.Build.0 = Debug|Any CPU
		{7AB8121C-779D-4A70-92AF-ACCA6DC2B27F}.Release|Any CPU.ActiveCfg = Release|Any CPU
		{7AB8121C-779D-4A70-92AF-ACCA6DC2B27F}.Release|Any CPU.Build.0 = Release|Any CPU
		{80BD8D06-85A5-4B82-BBF1-72E77339146B}.Debug|Any CPU.ActiveCfg = Debug|Any CPU
		{80BD8D06-85A5-4B82-BBF1-72E77339146B}.Debug|Any CPU.Build.0 = Debug|Any CPU
		{80BD8D06-85A5-4B82-BBF1-72E77339146B}.Release|Any CPU.ActiveCfg = Release|Any CPU
		{80BD8D06-85A5-4B82-BBF1-72E77339146B}.Release|Any CPU.Build.0 = Release|Any CPU
		{8A33365E-CE57-4962-804E-184F24EB9C11}.Debug|Any CPU.ActiveCfg = Debug|Any CPU
		{8A33365E-CE57-4962-804E-184F24EB9C11}.Debug|Any CPU.Build.0 = Debug|Any CPU
		{8A33365E-CE57-4962-804E-184F24EB9C11}.Release|Any CPU.ActiveCfg = Release|Any CPU
		{8A33365E-CE57-4962-804E-184F24EB9C11}.Release|Any CPU.Build.0 = Release|Any CPU
	EndGlobalSection
	GlobalSection(SolutionProperties) = preSolution
		HideSolutionNode = FALSE
	EndGlobalSection
	GlobalSection(ExtensibilityGlobals) = postSolution
		SolutionGuid = {D54DE731-52C3-495C-A622-C562E1225773}
	EndGlobalSection
EndGlobal
