
Microsoft Visual Studio Solution File, Format Version 12.00
# Visual Studio Version 16
VisualStudioVersion = 16.0.31005.135
MinimumVisualStudioVersion = 10.0.40219.1
Project("{FAE04EC0-301F-11D3-BF4B-00C04F79EFBC}") = "WeatherForecastMVC", "WeatherForecastMVC.csproj", "{F8036DE8-90FB-4C8D-8631-686B2C4DC0A1}"
EndProject
Global
	GlobalSection(SolutionConfigurationPlatforms) = preSolution
		Debug|Any CPU = Debug|Any CPU
		Release|Any CPU = Release|Any CPU
	EndGlobalSection
	GlobalSection(ProjectConfigurationPlatforms) = postSolution
		{F8036DE8-90FB-4C8D-8631-686B2C4DC0A1}.Debug|Any CPU.ActiveCfg = Debug|Any CPU
		{F8036DE8-90FB-4C8D-8631-686B2C4DC0A1}.Debug|Any CPU.Build.0 = Debug|Any CPU
		{F8036DE8-90FB-4C8D-8631-686B2C4DC0A1}.Release|Any CPU.ActiveCfg = Release|Any CPU
		{F8036DE8-90FB-4C8D-8631-686B2C4DC0A1}.Release|Any CPU.Build.0 = Release|Any CPU
	EndGlobalSection
	GlobalSection(SolutionProperties) = preSolution
		HideSolutionNode = FALSE
	EndGlobalSection
	GlobalSection(ExtensibilityGlobals) = postSolution
		SolutionGuid = {4A3986F7-9A3F-4072-A3F6-07D2E10251D2}
	EndGlobalSection
EndGlobal
